
Microsoft Visual Studio Solution File, Format Version 12.00
# Visual Studio Version 17
VisualStudioVersion = 17.1.32228.430
MinimumVisualStudioVersion = 10.0.40219.1
Project("{9A19103F-16F7-4668-BE54-9A1E7A4F7556}") = "ProyectoAJ", "ProyectoAJ\ProyectoAJ.csproj", "{B9451714-A17A-40AA-B4FF-33CC41527823}"
EndProject
Global
	GlobalSection(SolutionConfigurationPlatforms) = preSolution
		Debug|Any CPU = Debug|Any CPU
		Release|Any CPU = Release|Any CPU
	EndGlobalSection
	GlobalSection(ProjectConfigurationPlatforms) = postSolution
		{B9451714-A17A-40AA-B4FF-33CC41527823}.Debug|Any CPU.ActiveCfg = Debug|Any CPU
		{B9451714-A17A-40AA-B4FF-33CC41527823}.Debug|Any CPU.Build.0 = Debug|Any CPU
		{B9451714-A17A-40AA-B4FF-33CC41527823}.Release|Any CPU.ActiveCfg = Release|Any CPU
		{B9451714-A17A-40AA-B4FF-33CC41527823}.Release|Any CPU.Build.0 = Release|Any CPU
	EndGlobalSection
	GlobalSection(SolutionProperties) = preSolution
		HideSolutionNode = FALSE
	EndGlobalSection
	GlobalSection(ExtensibilityGlobals) = postSolution
		SolutionGuid = {ACDC857B-91C3-4D0C-AC2B-C7CB2F809651}
	EndGlobalSection
EndGlobal
